
Microsoft Visual Studio Solution File, Format Version 12.00
# Visual Studio Version 17
VisualStudioVersion = 17.13.35919.96
MinimumVisualStudioVersion = 10.0.40219.1
Project("{FAE04EC0-301F-11D3-BF4B-00C04F79EFBC}") = "Blogproject", "Blog\Blogproject.csproj", "{B39E6724-FE90-4049-AF41-67149C198412}"
EndProject
Project("{2150E333-8FDC-42A3-9474-1A3956D46DE8}") = "Data", "Data", "{02EA681E-C7D8-13C7-8484-4AC65E1B71E8}"
EndProject
Global
	GlobalSection(SolutionConfigurationPlatforms) = preSolution
		Debug|Any CPU = Debug|Any CPU
		Release|Any CPU = Release|Any CPU
	EndGlobalSection
	GlobalSection(ProjectConfigurationPlatforms) = postSolution
		{B39E6724-FE90-4049-AF41-67149C198412}.Debug|Any CPU.ActiveCfg = Debug|Any CPU
		{B39E6724-FE90-4049-AF41-67149C198412}.Debug|Any CPU.Build.0 = Debug|Any CPU
		{B39E6724-FE90-4049-AF41-67149C198412}.Release|Any CPU.ActiveCfg = Release|Any CPU
		{B39E6724-FE90-4049-AF41-67149C198412}.Release|Any CPU.Build.0 = Release|Any CPU
	EndGlobalSection
	GlobalSection(SolutionProperties) = preSolution
		HideSolutionNode = FALSE
	EndGlobalSection
	GlobalSection(ExtensibilityGlobals) = postSolution
		SolutionGuid = {5FEEF895-6DF6-49EE-ADCC-F667FCBE0897}
	EndGlobalSection
EndGlobal
